
Microsoft Visual Studio Solution File, Format Version 12.00
# Visual Studio Version 17
VisualStudioVersion = 17.2.32526.322
MinimumVisualStudioVersion = 10.0.40219.1
Project("{FAE04EC0-301F-11D3-BF4B-00C04F79EFBC}") = "WindowsFormsGaragem", "WindowsFormsGaragem.csproj", "{0DA1E6F4-2C37-410B-811A-EA178C13F09D}"
EndProject
Global
	GlobalSection(SolutionConfigurationPlatforms) = preSolution
		Debug|Any CPU = Debug|Any CPU
		Release|Any CPU = Release|Any CPU
	EndGlobalSection
	GlobalSection(ProjectConfigurationPlatforms) = postSolution
		{0DA1E6F4-2C37-410B-811A-EA178C13F09D}.Debug|Any CPU.ActiveCfg = Debug|Any CPU
		{0DA1E6F4-2C37-410B-811A-EA178C13F09D}.Debug|Any CPU.Build.0 = Debug|Any CPU
		{0DA1E6F4-2C37-410B-811A-EA178C13F09D}.Release|Any CPU.ActiveCfg = Release|Any CPU
		{0DA1E6F4-2C37-410B-811A-EA178C13F09D}.Release|Any CPU.Build.0 = Release|Any CPU
	EndGlobalSection
	GlobalSection(SolutionProperties) = preSolution
		HideSolutionNode = FALSE
	EndGlobalSection
	GlobalSection(ExtensibilityGlobals) = postSolution
		SolutionGuid = {9371DF4F-2A65-4660-B6FD-1C0C8AFEB3DD}
	EndGlobalSection
EndGlobal
